
Microsoft Visual Studio Solution File, Format Version 12.00
# Visual Studio Version 17
VisualStudioVersion = 17.14.36127.28 d17.14
MinimumVisualStudioVersion = 10.0.40219.1
Project("{FAE04EC0-301F-11D3-BF4B-00C04F79EFBC}") = "Assignment_2_EavanTan", "Assignment_2_EavanTan.csproj", "{81744160-453F-48F9-8660-F3937BCCF400}"
EndProject
Global
	GlobalSection(SolutionConfigurationPlatforms) = preSolution
		Debug|Any CPU = Debug|Any CPU
		Release|Any CPU = Release|Any CPU
	EndGlobalSection
	GlobalSection(ProjectConfigurationPlatforms) = postSolution
		{81744160-453F-48F9-8660-F3937BCCF400}.Debug|Any CPU.ActiveCfg = Debug|Any CPU
		{81744160-453F-48F9-8660-F3937BCCF400}.Debug|Any CPU.Build.0 = Debug|Any CPU
		{81744160-453F-48F9-8660-F3937BCCF400}.Release|Any CPU.ActiveCfg = Release|Any CPU
		{81744160-453F-48F9-8660-F3937BCCF400}.Release|Any CPU.Build.0 = Release|Any CPU
	EndGlobalSection
	GlobalSection(SolutionProperties) = preSolution
		HideSolutionNode = FALSE
	EndGlobalSection
	GlobalSection(ExtensibilityGlobals) = postSolution
		SolutionGuid = {9A2C99E2-BA77-4201-96DA-98EE98C37008}
	EndGlobalSection
EndGlobal
